
Microsoft Visual Studio Solution File, Format Version 12.00
# Visual Studio 14
VisualStudioVersion = 14.0.23107.0
MinimumVisualStudioVersion = 10.0.40219.1
Project("{FAE04EC0-301F-11D3-BF4B-00C04F79EFBC}") = "SystemTestService", "SystemTestService\SystemTestService.csproj", "{4627B75B-1890-48BA-9D31-0D10861F84AB}"
EndProject
Global
	GlobalSection(SolutionConfigurationPlatforms) = preSolution
		Debug|Any CPU = Debug|Any CPU
		Release|Any CPU = Release|Any CPU
	EndGlobalSection
	GlobalSection(ProjectConfigurationPlatforms) = postSolution
		{4627B75B-1890-48BA-9D31-0D10861F84AB}.Debug|Any CPU.ActiveCfg = Release|Any CPU
		{4627B75B-1890-48BA-9D31-0D10861F84AB}.Debug|Any CPU.Build.0 = Release|Any CPU
		{4627B75B-1890-48BA-9D31-0D10861F84AB}.Release|Any CPU.ActiveCfg = Release|Any CPU
		{4627B75B-1890-48BA-9D31-0D10861F84AB}.Release|Any CPU.Build.0 = Release|Any CPU
	EndGlobalSection
	GlobalSection(SolutionProperties) = preSolution
		HideSolutionNode = FALSE
	EndGlobalSection
EndGlobal
